
Microsoft Visual Studio Solution File, Format Version 12.00
# Visual Studio 15
Project("{FAE04EC0-301F-11D3-BF4B-00C04F79EFBC}") = "Assembly-CSharp", "Assembly-CSharp.csproj", "{52B099BC-C9E9-777E-C0B7-63E44245AE85}"
EndProject
Project("{FAE04EC0-301F-11D3-BF4B-00C04F79EFBC}") = "Sequencing", "Sequencing.csproj", "{DB64117A-8CDB-E6D1-D8DF-AE19878BE6FF}"
EndProject
Global
	GlobalSection(SolutionConfigurationPlatforms) = preSolution
		Debug|Any CPU = Debug|Any CPU
		Release|Any CPU = Release|Any CPU
	EndGlobalSection
	GlobalSection(ProjectConfigurationPlatforms) = postSolution
		{52B099BC-C9E9-777E-C0B7-63E44245AE85}.Debug|Any CPU.ActiveCfg = Debug|Any CPU
		{52B099BC-C9E9-777E-C0B7-63E44245AE85}.Debug|Any CPU.Build.0 = Debug|Any CPU
		{52B099BC-C9E9-777E-C0B7-63E44245AE85}.Release|Any CPU.ActiveCfg = Release|Any CPU
		{52B099BC-C9E9-777E-C0B7-63E44245AE85}.Release|Any CPU.Build.0 = Release|Any CPU
		{DB64117A-8CDB-E6D1-D8DF-AE19878BE6FF}.Debug|Any CPU.ActiveCfg = Debug|Any CPU
		{DB64117A-8CDB-E6D1-D8DF-AE19878BE6FF}.Debug|Any CPU.Build.0 = Debug|Any CPU
		{DB64117A-8CDB-E6D1-D8DF-AE19878BE6FF}.Release|Any CPU.ActiveCfg = Release|Any CPU
		{DB64117A-8CDB-E6D1-D8DF-AE19878BE6FF}.Release|Any CPU.Build.0 = Release|Any CPU
	EndGlobalSection
	GlobalSection(SolutionProperties) = preSolution
		HideSolutionNode = FALSE
	EndGlobalSection
EndGlobal
